
Microsoft Visual Studio Solution File, Format Version 12.00
# Visual Studio 15
VisualStudioVersion = 15.0.28307.102
MinimumVisualStudioVersion = 10.0.40219.1
Project("{FAE04EC0-301F-11D3-BF4B-00C04F79EFBC}") = "Injector", "Injector\Injector.csproj", "{D2FC3A95-5492-4EFB-BFB8-B5C95BA74507}"
EndProject
Project("{FAE04EC0-301F-11D3-BF4B-00C04F79EFBC}") = "InjectionTests", "InjectionTests\InjectionTests.csproj", "{2FC61C85-F10C-4647-8E72-F50E7EAFE81F}"
EndProject
Project("{FAE04EC0-301F-11D3-BF4B-00C04F79EFBC}") = "NugetTestProject", "NugetTestProject\NugetTestProject.csproj", "{5740586D-7ECE-460C-8D8C-C52488353857}"
EndProject
Global
	GlobalSection(SolutionConfigurationPlatforms) = preSolution
		Debug|Any CPU = Debug|Any CPU
		Debug|ARM = Debug|ARM
		Debug|ARM64 = Debug|ARM64
		Debug|x64 = Debug|x64
		Debug|x86 = Debug|x86
		Release|Any CPU = Release|Any CPU
		Release|ARM = Release|ARM
		Release|ARM64 = Release|ARM64
		Release|x64 = Release|x64
		Release|x86 = Release|x86
	EndGlobalSection
	GlobalSection(ProjectConfigurationPlatforms) = postSolution
		{D2FC3A95-5492-4EFB-BFB8-B5C95BA74507}.Debug|Any CPU.ActiveCfg = Debug|Any CPU
		{D2FC3A95-5492-4EFB-BFB8-B5C95BA74507}.Debug|Any CPU.Build.0 = Debug|Any CPU
		{D2FC3A95-5492-4EFB-BFB8-B5C95BA74507}.Debug|ARM.ActiveCfg = Debug|Any CPU
		{D2FC3A95-5492-4EFB-BFB8-B5C95BA74507}.Debug|ARM.Build.0 = Debug|Any CPU
		{D2FC3A95-5492-4EFB-BFB8-B5C95BA74507}.Debug|ARM64.ActiveCfg = Debug|Any CPU
		{D2FC3A95-5492-4EFB-BFB8-B5C95BA74507}.Debug|ARM64.Build.0 = Debug|Any CPU
		{D2FC3A95-5492-4EFB-BFB8-B5C95BA74507}.Debug|x64.ActiveCfg = Debug|Any CPU
		{D2FC3A95-5492-4EFB-BFB8-B5C95BA74507}.Debug|x64.Build.0 = Debug|Any CPU
		{D2FC3A95-5492-4EFB-BFB8-B5C95BA74507}.Debug|x86.ActiveCfg = Debug|Any CPU
		{D2FC3A95-5492-4EFB-BFB8-B5C95BA74507}.Debug|x86.Build.0 = Debug|Any CPU
		{D2FC3A95-5492-4EFB-BFB8-B5C95BA74507}.Release|Any CPU.ActiveCfg = Release|Any CPU
		{D2FC3A95-5492-4EFB-BFB8-B5C95BA74507}.Release|Any CPU.Build.0 = Release|Any CPU
		{D2FC3A95-5492-4EFB-BFB8-B5C95BA74507}.Release|ARM.ActiveCfg = Release|Any CPU
		{D2FC3A95-5492-4EFB-BFB8-B5C95BA74507}.Release|ARM.Build.0 = Release|Any CPU
		{D2FC3A95-5492-4EFB-BFB8-B5C95BA74507}.Release|ARM64.ActiveCfg = Release|Any CPU
		{D2FC3A95-5492-4EFB-BFB8-B5C95BA74507}.Release|ARM64.Build.0 = Release|Any CPU
		{D2FC3A95-5492-4EFB-BFB8-B5C95BA74507}.Release|x64.ActiveCfg = Release|Any CPU
		{D2FC3A95-5492-4EFB-BFB8-B5C95BA74507}.Release|x64.Build.0 = Release|Any CPU
		{D2FC3A95-5492-4EFB-BFB8-B5C95BA74507}.Release|x86.ActiveCfg = Release|Any CPU
		{D2FC3A95-5492-4EFB-BFB8-B5C95BA74507}.Release|x86.Build.0 = Release|Any CPU
		{2FC61C85-F10C-4647-8E72-F50E7EAFE81F}.Debug|Any CPU.ActiveCfg = Debug|Any CPU
		{2FC61C85-F10C-4647-8E72-F50E7EAFE81F}.Debug|Any CPU.Build.0 = Debug|Any CPU
		{2FC61C85-F10C-4647-8E72-F50E7EAFE81F}.Debug|ARM.ActiveCfg = Debug|Any CPU
		{2FC61C85-F10C-4647-8E72-F50E7EAFE81F}.Debug|ARM.Build.0 = Debug|Any CPU
		{2FC61C85-F10C-4647-8E72-F50E7EAFE81F}.Debug|ARM64.ActiveCfg = Debug|Any CPU
		{2FC61C85-F10C-4647-8E72-F50E7EAFE81F}.Debug|ARM64.Build.0 = Debug|Any CPU
		{2FC61C85-F10C-4647-8E72-F50E7EAFE81F}.Debug|x64.ActiveCfg = Debug|Any CPU
		{2FC61C85-F10C-4647-8E72-F50E7EAFE81F}.Debug|x64.Build.0 = Debug|Any CPU
		{2FC61C85-F10C-4647-8E72-F50E7EAFE81F}.Debug|x86.ActiveCfg = Debug|Any CPU
		{2FC61C85-F10C-4647-8E72-F50E7EAFE81F}.Debug|x86.Build.0 = Debug|Any CPU
		{2FC61C85-F10C-4647-8E72-F50E7EAFE81F}.Release|Any CPU.ActiveCfg = Release|Any CPU
		{2FC61C85-F10C-4647-8E72-F50E7EAFE81F}.Release|Any CPU.Build.0 = Release|Any CPU
		{2FC61C85-F10C-4647-8E72-F50E7EAFE81F}.Release|ARM.ActiveCfg = Release|Any CPU
		{2FC61C85-F10C-4647-8E72-F50E7EAFE81F}.Release|ARM.Build.0 = Release|Any CPU
		{2FC61C85-F10C-4647-8E72-F50E7EAFE81F}.Release|ARM64.ActiveCfg = Release|Any CPU
		{2FC61C85-F10C-4647-8E72-F50E7EAFE81F}.Release|ARM64.Build.0 = Release|Any CPU
		{2FC61C85-F10C-4647-8E72-F50E7EAFE81F}.Release|x64.ActiveCfg = Release|Any CPU
		{2FC61C85-F10C-4647-8E72-F50E7EAFE81F}.Release|x64.Build.0 = Release|Any CPU
		{2FC61C85-F10C-4647-8E72-F50E7EAFE81F}.Release|x86.ActiveCfg = Release|Any CPU
		{2FC61C85-F10C-4647-8E72-F50E7EAFE81F}.Release|x86.Build.0 = Release|Any CPU
		{5740586D-7ECE-460C-8D8C-C52488353857}.Debug|Any CPU.ActiveCfg = Debug|Any CPU
		{5740586D-7ECE-460C-8D8C-C52488353857}.Debug|Any CPU.Build.0 = Debug|Any CPU
		{5740586D-7ECE-460C-8D8C-C52488353857}.Debug|ARM.ActiveCfg = Debug|Any CPU
		{5740586D-7ECE-460C-8D8C-C52488353857}.Debug|ARM.Build.0 = Debug|Any CPU
		{5740586D-7ECE-460C-8D8C-C52488353857}.Debug|ARM64.ActiveCfg = Debug|Any CPU
		{5740586D-7ECE-460C-8D8C-C52488353857}.Debug|ARM64.Build.0 = Debug|Any CPU
		{5740586D-7ECE-460C-8D8C-C52488353857}.Debug|x64.ActiveCfg = Debug|Any CPU
		{5740586D-7ECE-460C-8D8C-C52488353857}.Debug|x64.Build.0 = Debug|Any CPU
		{5740586D-7ECE-460C-8D8C-C52488353857}.Debug|x86.ActiveCfg = Debug|Any CPU
		{5740586D-7ECE-460C-8D8C-C52488353857}.Debug|x86.Build.0 = Debug|Any CPU
		{5740586D-7ECE-460C-8D8C-C52488353857}.Release|Any CPU.ActiveCfg = Release|Any CPU
		{5740586D-7ECE-460C-8D8C-C52488353857}.Release|Any CPU.Build.0 = Release|Any CPU
		{5740586D-7ECE-460C-8D8C-C52488353857}.Release|ARM.ActiveCfg = Release|Any CPU
		{5740586D-7ECE-460C-8D8C-C52488353857}.Release|ARM.Build.0 = Release|Any CPU
		{5740586D-7ECE-460C-8D8C-C52488353857}.Release|ARM64.ActiveCfg = Release|Any CPU
		{5740586D-7ECE-460C-8D8C-C52488353857}.Release|ARM64.Build.0 = Release|Any CPU
		{5740586D-7ECE-460C-8D8C-C52488353857}.Release|x64.ActiveCfg = Release|Any CPU
		{5740586D-7ECE-460C-8D8C-C52488353857}.Release|x64.Build.0 = Release|Any CPU
		{5740586D-7ECE-460C-8D8C-C52488353857}.Release|x86.ActiveCfg = Release|Any CPU
		{5740586D-7ECE-460C-8D8C-C52488353857}.Release|x86.Build.0 = Release|Any CPU
	EndGlobalSection
	GlobalSection(SolutionProperties) = preSolution
		HideSolutionNode = FALSE
	EndGlobalSection
	GlobalSection(ExtensibilityGlobals) = postSolution
		SolutionGuid = {11C4C848-AA94-4322-87FE-1B448AED9BB3}
	EndGlobalSection
EndGlobal
