
Microsoft Visual Studio Solution File, Format Version 12.00
# Visual Studio 14
VisualStudioVersion = 14.0.25420.1
MinimumVisualStudioVersion = 10.0.40219.1
Project("{FAE04EC0-301F-11D3-BF4B-00C04F79EFBC}") = "ValidationLib", "ValidationLib\ValidationLib.csproj", "{213AA801-3117-4BAA-9BBB-29F569898CDD}"
EndProject
Project("{FAE04EC0-301F-11D3-BF4B-00C04F79EFBC}") = "ValidatonLib.Test", "ValidatonLibTest\ValidatonLib.Test.csproj", "{34150683-CC9B-406B-BAEA-4A7494AFCA88}"
EndProject
Project("{FAE04EC0-301F-11D3-BF4B-00C04F79EFBC}") = "Logger", "Logger\Logger.csproj", "{DCFBFDEB-3B88-4469-A70C-1B7FB8B501B7}"
EndProject
Global
	GlobalSection(SolutionConfigurationPlatforms) = preSolution
		Debug|Any CPU = Debug|Any CPU
		Release|Any CPU = Release|Any CPU
	EndGlobalSection
	GlobalSection(ProjectConfigurationPlatforms) = postSolution
		{213AA801-3117-4BAA-9BBB-29F569898CDD}.Debug|Any CPU.ActiveCfg = Debug|Any CPU
		{213AA801-3117-4BAA-9BBB-29F569898CDD}.Debug|Any CPU.Build.0 = Debug|Any CPU
		{213AA801-3117-4BAA-9BBB-29F569898CDD}.Release|Any CPU.ActiveCfg = Release|Any CPU
		{213AA801-3117-4BAA-9BBB-29F569898CDD}.Release|Any CPU.Build.0 = Release|Any CPU
		{34150683-CC9B-406B-BAEA-4A7494AFCA88}.Debug|Any CPU.ActiveCfg = Debug|Any CPU
		{34150683-CC9B-406B-BAEA-4A7494AFCA88}.Debug|Any CPU.Build.0 = Debug|Any CPU
		{34150683-CC9B-406B-BAEA-4A7494AFCA88}.Release|Any CPU.ActiveCfg = Release|Any CPU
		{34150683-CC9B-406B-BAEA-4A7494AFCA88}.Release|Any CPU.Build.0 = Release|Any CPU
		{DCFBFDEB-3B88-4469-A70C-1B7FB8B501B7}.Debug|Any CPU.ActiveCfg = Debug|Any CPU
		{DCFBFDEB-3B88-4469-A70C-1B7FB8B501B7}.Debug|Any CPU.Build.0 = Debug|Any CPU
		{DCFBFDEB-3B88-4469-A70C-1B7FB8B501B7}.Release|Any CPU.ActiveCfg = Release|Any CPU
		{DCFBFDEB-3B88-4469-A70C-1B7FB8B501B7}.Release|Any CPU.Build.0 = Release|Any CPU
	EndGlobalSection
	GlobalSection(SolutionProperties) = preSolution
		HideSolutionNode = FALSE
	EndGlobalSection
EndGlobal
